<?xml version="1.0" encoding="utf-8"?>
<Project ToolsVersion="4.0" xmlns="http://schemas.microsoft.com/developer/msbuild/2003">
  <ItemGroup>
    <Filter Include="Source Files">
      <UniqueIdentifier>{4FC737F1-C7A5-4376-A066-2A32D752A2FF}</UniqueIdentifier>
      <Extensions>cpp;c;cc;cxx;def;odl;idl;hpj;bat;asm;asmx</Extensions>
    </Filter>
    <Filter Include="Header Files">
      <UniqueIdentifier>{93995380-89BD-4b04-88EB-625FBE52EBFB}</UniqueIdentifier>
      <Extensions>h;hh;hpp;hxx;hm;inl;inc;xsd</Extensions>
    </Filter>
  </ItemGroup>
  <ItemGroup>
    <ClInclude Include="BPTC19696.h">
      <Filter>Header Files</Filter>
    </ClInclude>
    <ClInclude Include="Conf.h">
      <Filter>Header Files</Filter>
    </ClInclude>
    <ClInclude Include="CRC.h">
      <Filter>Header Files</Filter>
    </ClInclude>
    <ClInclude Include="Defines.h">
      <Filter>Header Files</Filter>
    </ClInclude>
    <ClInclude Include="Display.h">
      <Filter>Header Files</Filter>
    </ClInclude>
    <ClInclude Include="DMRControl.h">
      <Filter>Header Files</Filter>
    </ClInclude>
    <ClInclude Include="DMRData.h">
      <Filter>Header Files</Filter>
    </ClInclude>
    <ClInclude Include="DMRDefines.h">
      <Filter>Header Files</Filter>
    </ClInclude>
    <ClInclude Include="DMRSlot.h">
      <Filter>Header Files</Filter>
    </ClInclude>
    <ClInclude Include="DStarDefines.h">
      <Filter>Header Files</Filter>
    </ClInclude>
    <ClInclude Include="Golay2087.h">
      <Filter>Header Files</Filter>
    </ClInclude>
    <ClInclude Include="Golay24128.h">
      <Filter>Header Files</Filter>
    </ClInclude>
    <ClInclude Include="Hamming.h">
      <Filter>Header Files</Filter>
    </ClInclude>
    <ClInclude Include="Log.h">
      <Filter>Header Files</Filter>
    </ClInclude>
    <ClInclude Include="MMDVMHost.h">
      <Filter>Header Files</Filter>
    </ClInclude>
    <ClInclude Include="Modem.h">
      <Filter>Header Files</Filter>
    </ClInclude>
    <ClInclude Include="NullDisplay.h">
      <Filter>Header Files</Filter>
    </ClInclude>
    <ClInclude Include="QR1676.h">
      <Filter>Header Files</Filter>
    </ClInclude>
    <ClInclude Include="RingBuffer.h">
      <Filter>Header Files</Filter>
    </ClInclude>
    <ClInclude Include="RS129.h">
      <Filter>Header Files</Filter>
    </ClInclude>
    <ClInclude Include="SerialController.h">
      <Filter>Header Files</Filter>
    </ClInclude>
    <ClInclude Include="SHA256.h">
      <Filter>Header Files</Filter>
    </ClInclude>
    <ClInclude Include="StopWatch.h">
      <Filter>Header Files</Filter>
    </ClInclude>
    <ClInclude Include="TFTSerial.h">
      <Filter>Header Files</Filter>
    </ClInclude>
    <ClInclude Include="Timer.h">
      <Filter>Header Files</Filter>
    </ClInclude>
    <ClInclude Include="UDPSocket.h">
      <Filter>Header Files</Filter>
    </ClInclude>
    <ClInclude Include="Utils.h">
      <Filter>Header Files</Filter>
    </ClInclude>
    <ClInclude Include="YSFDefines.h">
      <Filter>Header Files</Filter>
    </ClInclude>
    <ClInclude Include="Version.h">
      <Filter>Header Files</Filter>
    </ClInclude>
    <ClInclude Include="AMBEFEC.h">
      <Filter>Header Files</Filter>
    </ClInclude>
    <ClInclude Include="DStarNetwork.h">
      <Filter>Header Files</Filter>
    </ClInclude>
    <ClInclude Include="DMRDataHeader.h">
      <Filter>Header Files</Filter>
    </ClInclude>
    <ClInclude Include="DStarHeader.h">
      <Filter>Header Files</Filter>
    </ClInclude>
    <ClInclude Include="DStarSlowData.h">
      <Filter>Header Files</Filter>
    </ClInclude>
    <ClInclude Include="DStarControl.h">
      <Filter>Header Files</Filter>
    </ClInclude>
    <ClInclude Include="YSFConvolution.h">
      <Filter>Header Files</Filter>
    </ClInclude>
    <ClInclude Include="YSFFICH.h">
      <Filter>Header Files</Filter>
    </ClInclude>
    <ClInclude Include="DMRCSBK.h">
      <Filter>Header Files</Filter>
    </ClInclude>
    <ClInclude Include="Sync.h">
      <Filter>Header Files</Filter>
    </ClInclude>
    <ClInclude Include="DMREMB.h">
      <Filter>Header Files</Filter>
    </ClInclude>
    <ClInclude Include="DMREmbeddedData.h">
      <Filter>Header Files</Filter>
    </ClInclude>
    <ClInclude Include="DMRFullLC.h">
      <Filter>Header Files</Filter>
    </ClInclude>
    <ClInclude Include="DMRLC.h">
      <Filter>Header Files</Filter>
    </ClInclude>
    <ClInclude Include="DMRShortLC.h">
      <Filter>Header Files</Filter>
    </ClInclude>
    <ClInclude Include="DMRSlotType.h">
      <Filter>Header Files</Filter>
    </ClInclude>
    <ClInclude Include="YSFControl.h">
      <Filter>Header Files</Filter>
    </ClInclude>
    <ClInclude Include="YSFPayload.h">
      <Filter>Header Files</Filter>
    </ClInclude>
    <ClInclude Include="Nextion.h">
      <Filter>Header Files</Filter>
    </ClInclude>
    <ClInclude Include="DMRLookup.h">
      <Filter>Header Files</Filter>
    </ClInclude>
    <ClInclude Include="YSFNetwork.h">
      <Filter>Header Files</Filter>
    </ClInclude>
    <ClInclude Include="Thread.h">
      <Filter>Header Files</Filter>
    </ClInclude>
    <ClInclude Include="DMRTrellis.h">
      <Filter>Header Files</Filter>
    </ClInclude>
    <ClInclude Include="DMRAccessControl.h">
      <Filter>Header Files</Filter>
    </ClInclude>
    <ClInclude Include="P25Defines.h">
      <Filter>Header Files</Filter>
    </ClInclude>
    <ClInclude Include="P25Control.h">
      <Filter>Header Files</Filter>
    </ClInclude>
    <ClInclude Include="P25NID.h">
      <Filter>Header Files</Filter>
    </ClInclude>
    <ClInclude Include="P25Audio.h">
      <Filter>Header Files</Filter>
    </ClInclude>
    <ClInclude Include="P25Data.h">
      <Filter>Header Files</Filter>
    </ClInclude>
    <ClInclude Include="P25Utils.h">
      <Filter>Header Files</Filter>
    </ClInclude>
    <ClInclude Include="P25LowSpeedData.h">
      <Filter>Header Files</Filter>
    </ClInclude>
    <ClInclude Include="P25Network.h">
      <Filter>Header Files</Filter>
    </ClInclude>
    <ClInclude Include="DMRNetwork.h">
      <Filter>Header Files</Filter>
    </ClInclude>
    <ClInclude Include="BCH.h">
      <Filter>Header Files</Filter>
    </ClInclude>
    <ClInclude Include="RS241213.h">
      <Filter>Header Files</Filter>
    </ClInclude>
    <ClInclude Include="SerialPort.h">
      <Filter>Header Files</Filter>
    </ClInclude>
    <ClInclude Include="ModemSerialPort.h">
      <Filter>Header Files</Filter>
    </ClInclude>
    <ClInclude Include="Mutex.h">
      <Filter>Header Files</Filter>
    </ClInclude>
    <ClInclude Include="LCDproc.h">
      <Filter>Header Files</Filter>
    </ClInclude>
    <ClInclude Include="UMP.h">
      <Filter>Header Files</Filter>
    </ClInclude>
    <ClInclude Include="RSSIInterpolator.h">
      <Filter>Header Files</Filter>
    </ClInclude>
    <ClInclude Include="NetworkInfo.h">
      <Filter>Header Files</Filter>
    </ClInclude>
    <ClInclude Include="P25Trellis.h">
      <Filter>Header Files</Filter>
    </ClInclude>
    <ClInclude Include="NXDNDefines.h">
      <Filter>Header Files</Filter>
    </ClInclude>
    <ClInclude Include="NXDNControl.h">
      <Filter>Header Files</Filter>
    </ClInclude>
    <ClInclude Include="NXDNNetwork.h">
      <Filter>Header Files</Filter>
    </ClInclude>
    <ClInclude Include="NXDNLICH.h">
      <Filter>Header Files</Filter>
    </ClInclude>
    <ClInclude Include="NXDNConvolution.h">
      <Filter>Header Files</Filter>
    </ClInclude>
    <ClInclude Include="NXDNCRC.h">
      <Filter>Header Files</Filter>
    </ClInclude>
    <ClInclude Include="NXDNLookup.h">
      <Filter>Header Files</Filter>
    </ClInclude>
    <ClInclude Include="NXDNSACCH.h">
      <Filter>Header Files</Filter>
    </ClInclude>
    <ClInclude Include="NXDNFACCH1.h">
      <Filter>Header Files</Filter>
    </ClInclude>
    <ClInclude Include="NXDNUDCH.h">
      <Filter>Header Files</Filter>
    </ClInclude>
    <ClInclude Include="NXDNLayer3.h">
      <Filter>Header Files</Filter>
    </ClInclude>
    <ClInclude Include="NXDNAudio.h">
      <Filter>Header Files</Filter>
    </ClInclude>
    <ClInclude Include="POCSAGNetwork.h">
      <Filter>Header Files</Filter>
    </ClInclude>
    <ClInclude Include="POCSAGControl.h">
      <Filter>Header Files</Filter>
    </ClInclude>
    <ClInclude Include="POCSAGDefines.h">
      <Filter>Header Files</Filter>
    </ClInclude>
  </ItemGroup>
  <ItemGroup>
    <ClCompile Include="BPTC19696.cpp">
      <Filter>Source Files</Filter>
    </ClCompile>
    <ClCompile Include="Conf.cpp">
      <Filter>Source Files</Filter>
    </ClCompile>
    <ClCompile Include="CRC.cpp">
      <Filter>Source Files</Filter>
    </ClCompile>
    <ClCompile Include="Display.cpp">
      <Filter>Source Files</Filter>
    </ClCompile>
    <ClCompile Include="DMRControl.cpp">
      <Filter>Source Files</Filter>
    </ClCompile>
    <ClCompile Include="DMRData.cpp">
      <Filter>Source Files</Filter>
    </ClCompile>
    <ClCompile Include="DMRSlot.cpp">
      <Filter>Source Files</Filter>
    </ClCompile>
    <ClCompile Include="Golay2087.cpp">
      <Filter>Source Files</Filter>
    </ClCompile>
    <ClCompile Include="Golay24128.cpp">
      <Filter>Source Files</Filter>
    </ClCompile>
    <ClCompile Include="Hamming.cpp">
      <Filter>Source Files</Filter>
    </ClCompile>
    <ClCompile Include="Log.cpp">
      <Filter>Source Files</Filter>
    </ClCompile>
    <ClCompile Include="MMDVMHost.cpp">
      <Filter>Source Files</Filter>
    </ClCompile>
    <ClCompile Include="Modem.cpp">
      <Filter>Source Files</Filter>
    </ClCompile>
    <ClCompile Include="NullDisplay.cpp">
      <Filter>Source Files</Filter>
    </ClCompile>
    <ClCompile Include="QR1676.cpp">
      <Filter>Source Files</Filter>
    </ClCompile>
    <ClCompile Include="RS129.cpp">
      <Filter>Source Files</Filter>
    </ClCompile>
    <ClCompile Include="SerialController.cpp">
      <Filter>Source Files</Filter>
    </ClCompile>
    <ClCompile Include="SHA256.cpp">
      <Filter>Source Files</Filter>
    </ClCompile>
    <ClCompile Include="StopWatch.cpp">
      <Filter>Source Files</Filter>
    </ClCompile>
    <ClCompile Include="TFTSerial.cpp">
      <Filter>Source Files</Filter>
    </ClCompile>
    <ClCompile Include="Timer.cpp">
      <Filter>Source Files</Filter>
    </ClCompile>
    <ClCompile Include="UDPSocket.cpp">
      <Filter>Source Files</Filter>
    </ClCompile>
    <ClCompile Include="Utils.cpp">
      <Filter>Source Files</Filter>
    </ClCompile>
    <ClCompile Include="AMBEFEC.cpp">
      <Filter>Source Files</Filter>
    </ClCompile>
    <ClCompile Include="DStarNetwork.cpp">
      <Filter>Source Files</Filter>
    </ClCompile>
    <ClCompile Include="DMRDataHeader.cpp">
      <Filter>Source Files</Filter>
    </ClCompile>
    <ClCompile Include="DStarHeader.cpp">
      <Filter>Source Files</Filter>
    </ClCompile>
    <ClCompile Include="DStarSlowData.cpp">
      <Filter>Source Files</Filter>
    </ClCompile>
    <ClCompile Include="DStarControl.cpp">
      <Filter>Source Files</Filter>
    </ClCompile>
    <ClCompile Include="YSFConvolution.cpp">
      <Filter>Source Files</Filter>
    </ClCompile>
    <ClCompile Include="YSFFICH.cpp">
      <Filter>Source Files</Filter>
    </ClCompile>
    <ClCompile Include="DMRCSBK.cpp">
      <Filter>Source Files</Filter>
    </ClCompile>
    <ClCompile Include="Sync.cpp">
      <Filter>Source Files</Filter>
    </ClCompile>
    <ClCompile Include="DMREMB.cpp">
      <Filter>Source Files</Filter>
    </ClCompile>
    <ClCompile Include="DMREmbeddedData.cpp">
      <Filter>Source Files</Filter>
    </ClCompile>
    <ClCompile Include="DMRFullLC.cpp">
      <Filter>Source Files</Filter>
    </ClCompile>
    <ClCompile Include="DMRLC.cpp">
      <Filter>Source Files</Filter>
    </ClCompile>
    <ClCompile Include="DMRShortLC.cpp">
      <Filter>Source Files</Filter>
    </ClCompile>
    <ClCompile Include="DMRSlotType.cpp">
      <Filter>Source Files</Filter>
    </ClCompile>
    <ClCompile Include="YSFControl.cpp">
      <Filter>Source Files</Filter>
    </ClCompile>
    <ClCompile Include="YSFPayload.cpp">
      <Filter>Source Files</Filter>
    </ClCompile>
    <ClCompile Include="Nextion.cpp">
      <Filter>Source Files</Filter>
    </ClCompile>
    <ClCompile Include="DMRLookup.cpp">
      <Filter>Source Files</Filter>
    </ClCompile>
    <ClCompile Include="YSFNetwork.cpp">
      <Filter>Source Files</Filter>
    </ClCompile>
    <ClCompile Include="Thread.cpp">
      <Filter>Source Files</Filter>
    </ClCompile>
    <ClCompile Include="DMRTrellis.cpp">
      <Filter>Source Files</Filter>
    </ClCompile>
    <ClCompile Include="DMRAccessControl.cpp">
      <Filter>Source Files</Filter>
    </ClCompile>
    <ClCompile Include="P25Control.cpp">
      <Filter>Source Files</Filter>
    </ClCompile>
    <ClCompile Include="P25NID.cpp">
      <Filter>Source Files</Filter>
    </ClCompile>
    <ClCompile Include="P25Audio.cpp">
      <Filter>Source Files</Filter>
    </ClCompile>
    <ClCompile Include="P25Data.cpp">
      <Filter>Source Files</Filter>
    </ClCompile>
    <ClCompile Include="P25Utils.cpp">
      <Filter>Source Files</Filter>
    </ClCompile>
    <ClCompile Include="P25LowSpeedData.cpp">
      <Filter>Source Files</Filter>
    </ClCompile>
    <ClCompile Include="P25Network.cpp">
      <Filter>Source Files</Filter>
    </ClCompile>
    <ClCompile Include="DMRNetwork.cpp">
      <Filter>Source Files</Filter>
    </ClCompile>
    <ClCompile Include="BCH.cpp">
      <Filter>Source Files</Filter>
    </ClCompile>
    <ClCompile Include="RS241213.cpp">
      <Filter>Source Files</Filter>
    </ClCompile>
    <ClCompile Include="SerialPort.cpp">
      <Filter>Source Files</Filter>
    </ClCompile>
    <ClCompile Include="ModemSerialPort.cpp">
      <Filter>Source Files</Filter>
    </ClCompile>
    <ClCompile Include="Mutex.cpp">
      <Filter>Source Files</Filter>
    </ClCompile>
    <ClCompile Include="LCDproc.cpp">
      <Filter>Source Files</Filter>
    </ClCompile>
    <ClCompile Include="UMP.cpp">
      <Filter>Source Files</Filter>
    </ClCompile>
    <ClCompile Include="RSSIInterpolator.cpp">
      <Filter>Source Files</Filter>
    </ClCompile>
    <ClCompile Include="NetworkInfo.cpp">
      <Filter>Source Files</Filter>
    </ClCompile>
    <ClCompile Include="P25Trellis.cpp">
      <Filter>Source Files</Filter>
    </ClCompile>
    <ClCompile Include="NXDNControl.cpp">
      <Filter>Source Files</Filter>
    </ClCompile>
    <ClCompile Include="NXDNNetwork.cpp">
      <Filter>Source Files</Filter>
    </ClCompile>
    <ClCompile Include="NXDNLICH.cpp">
      <Filter>Source Files</Filter>
    </ClCompile>
    <ClCompile Include="NXDNConvolution.cpp">
      <Filter>Source Files</Filter>
    </ClCompile>
    <ClCompile Include="NXDNCRC.cpp">
      <Filter>Source Files</Filter>
    </ClCompile>
    <ClCompile Include="NXDNLookup.cpp">
      <Filter>Source Files</Filter>
    </ClCompile>
    <ClCompile Include="NXDNSACCH.cpp">
      <Filter>Source Files</Filter>
    </ClCompile>
    <ClCompile Include="NXDNFACCH1.cpp">
      <Filter>Source Files</Filter>
    </ClCompile>
    <ClCompile Include="NXDNUDCH.cpp">
      <Filter>Source Files</Filter>
    </ClCompile>
    <ClCompile Include="NXDNLayer3.cpp">
      <Filter>Source Files</Filter>
    </ClCompile>
    <ClCompile Include="NXDNAudio.cpp">
      <Filter>Source Files</Filter>
    </ClCompile>
    <ClCompile Include="POCSAGNetwork.cpp">
      <Filter>Source Files</Filter>
    </ClCompile>
    <ClCompile Include="POCSAGControl.cpp">
      <Filter>Source Files</Filter>
    </ClCompile>
  </ItemGroup>
</Project>