<?xml version="1.0" encoding="utf-8"?>
<Project ToolsVersion="4.0" xmlns="http://schemas.microsoft.com/developer/msbuild/2003">
  <ItemGroup>
    <Filter Include="Source Files">
      <UniqueIdentifier>{4FC737F1-C7A5-4376-A066-2A32D752A2FF}</UniqueIdentifier>
      <Extensions>cpp;c;cc;cxx;def;odl;idl;hpj;bat;asm;asmx</Extensions>
    </Filter>
    <Filter Include="Header Files">
      <UniqueIdentifier>{93995380-89BD-4b04-88EB-625FBE52EBFB}</UniqueIdentifier>
      <Extensions>h;hh;hpp;hxx;hm;inl;inc;xsd</Extensions>
    </Filter>
  </ItemGroup>
  <ItemGroup>
    <ClInclude Include="BPTC19696.h">
      <Filter>Header Files</Filter>
    </ClInclude>
    <ClInclude Include="Conf.h">
      <Filter>Header Files</Filter>
    </ClInclude>
    <ClInclude Include="CRC.h">
      <Filter>Header Files</Filter>
    </ClInclude>
    <ClInclude Include="CSBK.h">
      <Filter>Header Files</Filter>
    </ClInclude>
    <ClInclude Include="Defines.h">
      <Filter>Header Files</Filter>
    </ClInclude>
    <ClInclude Include="Display.h">
      <Filter>Header Files</Filter>
    </ClInclude>
    <ClInclude Include="DMRControl.h">
      <Filter>Header Files</Filter>
    </ClInclude>
    <ClInclude Include="DMRData.h">
      <Filter>Header Files</Filter>
    </ClInclude>
    <ClInclude Include="DMRDefines.h">
      <Filter>Header Files</Filter>
    </ClInclude>
    <ClInclude Include="DMRSlot.h">
      <Filter>Header Files</Filter>
    </ClInclude>
    <ClInclude Include="DMRSync.h">
      <Filter>Header Files</Filter>
    </ClInclude>
    <ClInclude Include="DStarDefines.h">
      <Filter>Header Files</Filter>
    </ClInclude>
    <ClInclude Include="DStarEcho.h">
      <Filter>Header Files</Filter>
    </ClInclude>
    <ClInclude Include="EMB.h">
      <Filter>Header Files</Filter>
    </ClInclude>
    <ClInclude Include="EmbeddedLC.h">
      <Filter>Header Files</Filter>
    </ClInclude>
    <ClInclude Include="FullLC.h">
      <Filter>Header Files</Filter>
    </ClInclude>
    <ClInclude Include="Golay2087.h">
      <Filter>Header Files</Filter>
    </ClInclude>
    <ClInclude Include="Golay24128.h">
      <Filter>Header Files</Filter>
    </ClInclude>
    <ClInclude Include="Hamming.h">
      <Filter>Header Files</Filter>
    </ClInclude>
    <ClInclude Include="HomebrewDMRIPSC.h">
      <Filter>Header Files</Filter>
    </ClInclude>
    <ClInclude Include="LC.h">
      <Filter>Header Files</Filter>
    </ClInclude>
    <ClInclude Include="Log.h">
      <Filter>Header Files</Filter>
    </ClInclude>
    <ClInclude Include="MMDVMHost.h">
      <Filter>Header Files</Filter>
    </ClInclude>
    <ClInclude Include="Modem.h">
      <Filter>Header Files</Filter>
    </ClInclude>
    <ClInclude Include="NullDisplay.h">
      <Filter>Header Files</Filter>
    </ClInclude>
    <ClInclude Include="QR1676.h">
      <Filter>Header Files</Filter>
    </ClInclude>
    <ClInclude Include="RingBuffer.h">
      <Filter>Header Files</Filter>
    </ClInclude>
    <ClInclude Include="RS129.h">
      <Filter>Header Files</Filter>
    </ClInclude>
    <ClInclude Include="SerialController.h">
      <Filter>Header Files</Filter>
    </ClInclude>
    <ClInclude Include="SHA256.h">
      <Filter>Header Files</Filter>
    </ClInclude>
    <ClInclude Include="ShortLC.h">
      <Filter>Header Files</Filter>
    </ClInclude>
    <ClInclude Include="SlotType.h">
      <Filter>Header Files</Filter>
    </ClInclude>
    <ClInclude Include="StopWatch.h">
      <Filter>Header Files</Filter>
    </ClInclude>
    <ClInclude Include="TFTSerial.h">
      <Filter>Header Files</Filter>
    </ClInclude>
    <ClInclude Include="Timer.h">
      <Filter>Header Files</Filter>
    </ClInclude>
    <ClInclude Include="UDPSocket.h">
      <Filter>Header Files</Filter>
    </ClInclude>
    <ClInclude Include="Utils.h">
      <Filter>Header Files</Filter>
    </ClInclude>
    <ClInclude Include="YSFDefines.h">
      <Filter>Header Files</Filter>
    </ClInclude>
    <ClInclude Include="YSFEcho.h">
      <Filter>Header Files</Filter>
    </ClInclude>
  </ItemGroup>
  <ItemGroup>
    <ClCompile Include="BPTC19696.cpp">
      <Filter>Source Files</Filter>
    </ClCompile>
    <ClCompile Include="Conf.cpp">
      <Filter>Source Files</Filter>
    </ClCompile>
    <ClCompile Include="CRC.cpp">
      <Filter>Source Files</Filter>
    </ClCompile>
    <ClCompile Include="CSBK.cpp">
      <Filter>Source Files</Filter>
    </ClCompile>
    <ClCompile Include="Display.cpp">
      <Filter>Source Files</Filter>
    </ClCompile>
    <ClCompile Include="DMRControl.cpp">
      <Filter>Source Files</Filter>
    </ClCompile>
    <ClCompile Include="DMRData.cpp">
      <Filter>Source Files</Filter>
    </ClCompile>
    <ClCompile Include="DMRSlot.cpp">
      <Filter>Source Files</Filter>
    </ClCompile>
    <ClCompile Include="DMRSync.cpp">
      <Filter>Source Files</Filter>
    </ClCompile>
    <ClCompile Include="DStarEcho.cpp">
      <Filter>Source Files</Filter>
    </ClCompile>
    <ClCompile Include="EMB.cpp">
      <Filter>Source Files</Filter>
    </ClCompile>
    <ClCompile Include="EmbeddedLC.cpp">
      <Filter>Source Files</Filter>
    </ClCompile>
    <ClCompile Include="FullLC.cpp">
      <Filter>Source Files</Filter>
    </ClCompile>
    <ClCompile Include="Golay2087.cpp">
      <Filter>Source Files</Filter>
    </ClCompile>
    <ClCompile Include="Golay24128.cpp">
      <Filter>Source Files</Filter>
    </ClCompile>
    <ClCompile Include="Hamming.cpp">
      <Filter>Source Files</Filter>
    </ClCompile>
    <ClCompile Include="HomebrewDMRIPSC.cpp">
      <Filter>Source Files</Filter>
    </ClCompile>
    <ClCompile Include="LC.cpp">
      <Filter>Source Files</Filter>
    </ClCompile>
    <ClCompile Include="Log.cpp">
      <Filter>Source Files</Filter>
    </ClCompile>
    <ClCompile Include="MMDVMHost.cpp">
      <Filter>Source Files</Filter>
    </ClCompile>
    <ClCompile Include="Modem.cpp">
      <Filter>Source Files</Filter>
    </ClCompile>
    <ClCompile Include="NullDisplay.cpp">
      <Filter>Source Files</Filter>
    </ClCompile>
    <ClCompile Include="QR1676.cpp">
      <Filter>Source Files</Filter>
    </ClCompile>
    <ClCompile Include="RS129.cpp">
      <Filter>Source Files</Filter>
    </ClCompile>
    <ClCompile Include="SerialController.cpp">
      <Filter>Source Files</Filter>
    </ClCompile>
    <ClCompile Include="SHA256.cpp">
      <Filter>Source Files</Filter>
    </ClCompile>
    <ClCompile Include="ShortLC.cpp">
      <Filter>Source Files</Filter>
    </ClCompile>
    <ClCompile Include="SlotType.cpp">
      <Filter>Source Files</Filter>
    </ClCompile>
    <ClCompile Include="StopWatch.cpp">
      <Filter>Source Files</Filter>
    </ClCompile>
    <ClCompile Include="TFTSerial.cpp">
      <Filter>Source Files</Filter>
    </ClCompile>
    <ClCompile Include="Timer.cpp">
      <Filter>Source Files</Filter>
    </ClCompile>
    <ClCompile Include="UDPSocket.cpp">
      <Filter>Source Files</Filter>
    </ClCompile>
    <ClCompile Include="Utils.cpp">
      <Filter>Source Files</Filter>
    </ClCompile>
    <ClCompile Include="YSFEcho.cpp">
      <Filter>Source Files</Filter>
    </ClCompile>
  </ItemGroup>
</Project>